// !$*UTF8*$!
{
	archiveVersion = 1;
	classes = {
	};
	objectVersion = 56;
	objects = {

/* Begin PBXBuildFile section */
		AA1100000000000000000001 /* DiskscopeNativeApp.swift in Sources */ = {isa = PBXBuildFile; fileRef = AA2200000000000000000001 /* DiskscopeNativeApp.swift */; };
		AA1100000000000000000002 /* ContentView.swift in Sources */ = {isa = PBXBuildFile; fileRef = AA2200000000000000000002 /* ContentView.swift */; };
		AA1100000000000000000003 /* NativeScanStore.swift in Sources */ = {isa = PBXBuildFile; fileRef = AA2200000000000000000003 /* NativeScanStore.swift */; };
		AA1100000000000000000004 /* TreemapView.swift in Sources */ = {isa = PBXBuildFile; fileRef = AA2200000000000000000004 /* TreemapView.swift */; };
		AA1100000000000000000005 /* AppIconDock.icns in Resources */ = {isa = PBXBuildFile; fileRef = AA2200000000000000000006 /* AppIconDock.icns */; };
/* End PBXBuildFile section */

/* Begin PBXFileReference section */
		AA2200000000000000000000 /* DiskscopeNative.app */ = {isa = PBXFileReference; explicitFileType = wrapper.application; includeInIndex = 0; path = DiskscopeNative.app; sourceTree = BUILT_PRODUCTS_DIR; };
		AA2200000000000000000001 /* DiskscopeNativeApp.swift */ = {isa = PBXFileReference; lastKnownFileType = sourcecode.swift; path = DiskscopeNativeApp.swift; sourceTree = "<group>"; };
		AA2200000000000000000002 /* ContentView.swift */ = {isa = PBXFileReference; lastKnownFileType = sourcecode.swift; path = ContentView.swift; sourceTree = "<group>"; };
		AA2200000000000000000003 /* NativeScanStore.swift */ = {isa = PBXFileReference; lastKnownFileType = sourcecode.swift; path = NativeScanStore.swift; sourceTree = "<group>"; };
		AA2200000000000000000004 /* TreemapView.swift */ = {isa = PBXFileReference; lastKnownFileType = sourcecode.swift; path = TreemapView.swift; sourceTree = "<group>"; };
		AA2200000000000000000005 /* DiskscopeNative-Bridging-Header.h */ = {isa = PBXFileReference; lastKnownFileType = sourcecode.c.h; path = "DiskscopeNative-Bridging-Header.h"; sourceTree = "<group>"; };
		AA2200000000000000000006 /* AppIconDock.icns */ = {isa = PBXFileReference; lastKnownFileType = image.icns; path = AppIconDock.icns; sourceTree = "<group>"; };
/* End PBXFileReference section */

/* Begin PBXFrameworksBuildPhase section */
		AA3300000000000000000001 /* Frameworks */ = {
			isa = PBXFrameworksBuildPhase;
			buildActionMask = 2147483647;
			files = (
			);
			runOnlyForDeploymentPostprocessing = 0;
		};
/* End PBXFrameworksBuildPhase section */

/* Begin PBXGroup section */
		AA4400000000000000000001 = {
			isa = PBXGroup;
			children = (
				AA4400000000000000000002 /* DiskscopeNative */,
				AA4400000000000000000003 /* Products */,
			);
			sourceTree = "<group>";
		};
		AA4400000000000000000002 /* DiskscopeNative */ = {
			isa = PBXGroup;
			children = (
				AA2200000000000000000001 /* DiskscopeNativeApp.swift */,
				AA2200000000000000000002 /* ContentView.swift */,
				AA2200000000000000000003 /* NativeScanStore.swift */,
				AA2200000000000000000004 /* TreemapView.swift */,
				AA2200000000000000000005 /* DiskscopeNative-Bridging-Header.h */,
				AA2200000000000000000006 /* AppIconDock.icns */,
			);
			path = DiskscopeNative;
			sourceTree = "<group>";
		};
		AA4400000000000000000003 /* Products */ = {
			isa = PBXGroup;
			children = (
				AA2200000000000000000000 /* DiskscopeNative.app */,
			);
			name = Products;
			sourceTree = "<group>";
		};
/* End PBXGroup section */

/* Begin PBXNativeTarget section */
		AA5500000000000000000001 /* DiskscopeNative */ = {
			isa = PBXNativeTarget;
			buildConfigurationList = AA6600000000000000000001 /* Build configuration list for PBXNativeTarget "DiskscopeNative" */;
			buildPhases = (
				AA3300000000000000000002 /* Build Rust FFI */,
				AA3300000000000000000003 /* Sources */,
				AA3300000000000000000004 /* Resources */,
				AA3300000000000000000001 /* Frameworks */,
			);
			buildRules = (
			);
			dependencies = (
			);
			name = DiskscopeNative;
			productName = DiskscopeNative;
			productReference = AA2200000000000000000000 /* DiskscopeNative.app */;
			productType = "com.apple.product-type.application";
		};
/* End PBXNativeTarget section */

/* Begin PBXProject section */
		AA7700000000000000000001 /* Project object */ = {
			isa = PBXProject;
			attributes = {
				BuildIndependentTargetsInParallel = 1;
				LastSwiftUpdateCheck = 1600;
				LastUpgradeCheck = 1600;
				TargetAttributes = {
					AA5500000000000000000001 = {
						CreatedOnToolsVersion = 16.0;
					};
				};
			};
			buildConfigurationList = AA6600000000000000000002 /* Build configuration list for PBXProject "DiskscopeNative" */;
			compatibilityVersion = "Xcode 14.0";
			developmentRegion = en;
			hasScannedForEncodings = 0;
			knownRegions = (
				en,
				Base,
			);
			mainGroup = AA4400000000000000000001;
			productRefGroup = AA4400000000000000000003 /* Products */;
			projectDirPath = "";
			projectRoot = "";
			targets = (
				AA5500000000000000000001 /* DiskscopeNative */,
			);
		};
/* End PBXProject section */

/* Begin PBXResourcesBuildPhase section */
		AA3300000000000000000004 /* Resources */ = {
			isa = PBXResourcesBuildPhase;
			buildActionMask = 2147483647;
			files = (
				AA1100000000000000000005 /* AppIconDock.icns in Resources */,
			);
			runOnlyForDeploymentPostprocessing = 0;
		};
/* End PBXResourcesBuildPhase section */

/* Begin PBXShellScriptBuildPhase section */
		AA3300000000000000000002 /* Build Rust FFI */ = {
			isa = PBXShellScriptBuildPhase;
			buildActionMask = 2147483647;
			files = (
			);
			inputPaths = (
				"$(SRCROOT)/../../../crates/diskscope-ffi/src/lib.rs",
				"$(SRCROOT)/../../../crates/diskscope-core/src/scanner.rs",
			);
			name = "Build Rust FFI";
			outputPaths = (
				"$(SRCROOT)/../../../target/release/libdiskscope_ffi.a",
			);
			runOnlyForDeploymentPostprocessing = 0;
			shellPath = /bin/sh;
			shellScript = "set -euo pipefail\ncd \"$SRCROOT/../../..\"\ncargo build -p diskscope-ffi --release\n";
		};
/* End PBXShellScriptBuildPhase section */

/* Begin PBXSourcesBuildPhase section */
		AA3300000000000000000003 /* Sources */ = {
			isa = PBXSourcesBuildPhase;
			buildActionMask = 2147483647;
			files = (
				AA1100000000000000000002 /* ContentView.swift in Sources */,
				AA1100000000000000000003 /* NativeScanStore.swift in Sources */,
				AA1100000000000000000004 /* TreemapView.swift in Sources */,
				AA1100000000000000000001 /* DiskscopeNativeApp.swift in Sources */,
			);
			runOnlyForDeploymentPostprocessing = 0;
		};
/* End PBXSourcesBuildPhase section */

/* Begin XCBuildConfiguration section */
		AA8800000000000000000001 /* Debug */ = {
			isa = XCBuildConfiguration;
			buildSettings = {
				ALWAYS_SEARCH_USER_PATHS = NO;
				CLANG_ANALYZER_NONNULL = YES;
				CLANG_ENABLE_MODULES = YES;
				CLANG_ENABLE_OBJC_ARC = YES;
				CLANG_WARN_DOCUMENTATION_COMMENTS = YES;
				CLANG_WARN_UNGUARDED_AVAILABILITY = YES_AGGRESSIVE;
				COPY_PHASE_STRIP = NO;
				DEBUG_INFORMATION_FORMAT = dwarf;
				ENABLE_TESTABILITY = YES;
				ENABLE_USER_SCRIPT_SANDBOXING = NO;
				GCC_OPTIMIZATION_LEVEL = 0;
				MACOSX_DEPLOYMENT_TARGET = 13.0;
				ONLY_ACTIVE_ARCH = YES;
				SDKROOT = macosx;
				SWIFT_ACTIVE_COMPILATION_CONDITIONS = "DEBUG $(inherited)";
				SWIFT_OPTIMIZATION_LEVEL = "-Onone";
			};
			name = Debug;
		};
		AA8800000000000000000002 /* Release */ = {
			isa = XCBuildConfiguration;
			buildSettings = {
				ALWAYS_SEARCH_USER_PATHS = NO;
				CLANG_ANALYZER_NONNULL = YES;
				CLANG_ENABLE_MODULES = YES;
				CLANG_ENABLE_OBJC_ARC = YES;
				CLANG_WARN_DOCUMENTATION_COMMENTS = YES;
				CLANG_WARN_UNGUARDED_AVAILABILITY = YES_AGGRESSIVE;
				COPY_PHASE_STRIP = NO;
				DEBUG_INFORMATION_FORMAT = "dwarf-with-dsym";
				ENABLE_NS_ASSERTIONS = NO;
				ENABLE_USER_SCRIPT_SANDBOXING = NO;
				MACOSX_DEPLOYMENT_TARGET = 13.0;
				SDKROOT = macosx;
				SWIFT_COMPILATION_MODE = wholemodule;
				VALIDATE_PRODUCT = YES;
			};
			name = Release;
		};
		AA8800000000000000000003 /* Debug */ = {
			isa = XCBuildConfiguration;
			buildSettings = {
				CODE_SIGN_STYLE = Automatic;
				CURRENT_PROJECT_VERSION = 1;
				GENERATE_INFOPLIST_FILE = NO;
				HEADER_SEARCH_PATHS = (
					"$(inherited)",
					"$(SRCROOT)/../../../crates/diskscope-ffi/include",
				);
				ENABLE_DEBUG_DYLIB = NO;
				INFOPLIST_FILE = DiskscopeNative/Info.plist;
				LD_RUNPATH_SEARCH_PATHS = (
					"$(inherited)",
					"@executable_path/../Frameworks",
				);
				LIBRARY_SEARCH_PATHS = (
					"$(inherited)",
					"$(SRCROOT)/../../../target/release",
				);
				MACOSX_DEPLOYMENT_TARGET = 13.0;
				MARKETING_VERSION = 0.1.0;
				OTHER_LDFLAGS = (
					"$(inherited)",
					"-ldiskscope_ffi",
				);
				PRODUCT_BUNDLE_IDENTIFIER = com.diskscope.native.dev;
				PRODUCT_NAME = "$(TARGET_NAME)";
				SWIFT_OBJC_BRIDGING_HEADER = "DiskscopeNative/DiskscopeNative-Bridging-Header.h";
				SWIFT_VERSION = 5.0;
			};
			name = Debug;
		};
		AA8800000000000000000004 /* Release */ = {
			isa = XCBuildConfiguration;
			buildSettings = {
				CODE_SIGN_STYLE = Automatic;
				CURRENT_PROJECT_VERSION = 1;
				GENERATE_INFOPLIST_FILE = NO;
				HEADER_SEARCH_PATHS = (
					"$(inherited)",
					"$(SRCROOT)/../../../crates/diskscope-ffi/include",
				);
				ENABLE_DEBUG_DYLIB = NO;
				INFOPLIST_FILE = DiskscopeNative/Info.plist;
				LD_RUNPATH_SEARCH_PATHS = (
					"$(inherited)",
					"@executable_path/../Frameworks",
				);
				LIBRARY_SEARCH_PATHS = (
					"$(inherited)",
					"$(SRCROOT)/../../../target/release",
				);
				MACOSX_DEPLOYMENT_TARGET = 13.0;
				MARKETING_VERSION = 0.1.0;
				OTHER_LDFLAGS = (
					"$(inherited)",
					"-ldiskscope_ffi",
				);
				PRODUCT_BUNDLE_IDENTIFIER = com.diskscope.native.dev;
				PRODUCT_NAME = "$(TARGET_NAME)";
				SWIFT_OBJC_BRIDGING_HEADER = "DiskscopeNative/DiskscopeNative-Bridging-Header.h";
				SWIFT_VERSION = 5.0;
			};
			name = Release;
		};
/* End XCBuildConfiguration section */

/* Begin XCConfigurationList section */
		AA6600000000000000000001 /* Build configuration list for PBXNativeTarget "DiskscopeNative" */ = {
			isa = XCConfigurationList;
			buildConfigurations = (
				AA8800000000000000000003 /* Debug */,
				AA8800000000000000000004 /* Release */,
			);
			defaultConfigurationIsVisible = 0;
			defaultConfigurationName = Release;
		};
		AA6600000000000000000002 /* Build configuration list for PBXProject "DiskscopeNative" */ = {
			isa = XCConfigurationList;
			buildConfigurations = (
				AA8800000000000000000001 /* Debug */,
				AA8800000000000000000002 /* Release */,
			);
			defaultConfigurationIsVisible = 0;
			defaultConfigurationName = Release;
		};
/* End XCConfigurationList section */
	};
	rootObject = AA7700000000000000000001 /* Project object */;
}
